Microsoft Visual Studio Solution File, Format Version 12.00
# Visual Studio Version 17
VisualStudioVersion = 17.5.2.0
MinimumVisualStudioVersion = 10.0.40219.1
Project("{FAE04EC0-301F-11D3-BF4B-00C04F79EFBC}") = "CS586Project", "CS586Project.csproj", "{8DA21AB7-442B-AFAA-89E7-37AFEE546C90}"
EndProject
Global
	GlobalSection(SolutionConfigurationPlatforms) = preSolution
		Debug|Any CPU = Debug|Any CPU
		Release|Any CPU = Release|Any CPU
	EndGlobalSection
	GlobalSection(ProjectConfigurationPlatforms) = postSolution
		{8DA21AB7-442B-AFAA-89E7-37AFEE546C90}.Debug|Any CPU.ActiveCfg = Debug|Any CPU
		{8DA21AB7-442B-AFAA-89E7-37AFEE546C90}.Debug|Any CPU.Build.0 = Debug|Any CPU
		{8DA21AB7-442B-AFAA-89E7-37AFEE546C90}.Release|Any CPU.ActiveCfg = Release|Any CPU
		{8DA21AB7-442B-AFAA-89E7-37AFEE546C90}.Release|Any CPU.Build.0 = Release|Any CPU
	EndGlobalSection
	GlobalSection(SolutionProperties) = preSolution
		HideSolutionNode = FALSE
	EndGlobalSection
	GlobalSection(ExtensibilityGlobals) = postSolution
		SolutionGuid = {AFDEB7DD-8948-4134-A82C-BD6F6F525826}
	EndGlobalSection
EndGlobal
